<?xml version="1.0" encoding="utf-8"?>
<Project ToolsVersion="4.0" xmlns="http://schemas.microsoft.com/developer/msbuild/2003">
  <ItemGroup>
    <Filter Include="Source Files">
      <UniqueIdentifier>{4FC737F1-C7A5-4376-A066-2A32D752A2FF}</UniqueIdentifier>
      <Extensions>cpp;c;cc;cxx;c++;cppm;ixx;def;odl;idl;hpj;bat;asm;asmx</Extensions>
    </Filter>
    <Filter Include="Header Files">
      <UniqueIdentifier>{93995380-89BD-4b04-88EB-625FBE52EBFB}</UniqueIdentifier>
      <Extensions>h;hh;hpp;hxx;h++;hm;inl;inc;ipp;xsd</Extensions>
    </Filter>
    <Filter Include="Resource Files">
      <UniqueIdentifier>{67DA6AB6-F800-4c08-8B7A-83BB121AAD01}</UniqueIdentifier>
      <Extensions>rc;ico;cur;bmp;dlg;rc2;rct;bin;rgs;gif;jpg;jpeg;jpe;resx;tiff;tif;png;wav;mfcribbon-ms</Extensions>
    </Filter>
    <Filter Include="SmartArray">
      <UniqueIdentifier>{63f4ea93-5479-42a5-8a33-65f4356dee9e}</UniqueIdentifier>
    </Filter>
    <Filter Include="SmartArray2">
      <UniqueIdentifier>{4f2bfaaa-f757-4ef1-a492-63f15df98be7}</UniqueIdentifier>
    </Filter>
    <Filter Include="myStruct">
      <UniqueIdentifier>{fefa0547-2e15-43c7-ad0d-ab794ad9da79}</UniqueIdentifier>
    </Filter>
  </ItemGroup>
  <ItemGroup>
    <ClCompile Include="smart_array_main.cpp">
      <Filter>Source Files</Filter>
    </ClCompile>
    <ClCompile Include="cSmartArray.cpp">
      <Filter>SmartArray</Filter>
    </ClCompile>
    <ClCompile Include="cSmartArray2.cpp">
      <Filter>SmartArray2</Filter>
    </ClCompile>
  </ItemGroup>
  <ItemGroup>
    <ClInclude Include="cSmartArray.h">
      <Filter>SmartArray</Filter>
    </ClInclude>
    <ClInclude Include="cSmartArray2.h">
      <Filter>SmartArray2</Filter>
    </ClInclude>
    <ClInclude Include="myStruct.h">
      <Filter>myStruct</Filter>
    </ClInclude>
  </ItemGroup>
</Project>